<?xml version="1.0" encoding="utf-8"?>
<Project ToolsVersion="4.0" xmlns="http://schemas.microsoft.com/developer/msbuild/2003">
  <ItemGroup>
    <Filter Include="Modules">
      <UniqueIdentifier>{93995380-89BD-4b04-88EB-625FBE52EBFB}</UniqueIdentifier>
      <Extensions>
      </Extensions>
    </Filter>
    <Filter Include="Utility">
      <UniqueIdentifier>{67DA6AB6-F800-4c08-8B7A-83BB121AAD01}</UniqueIdentifier>
      <Extensions>rc;ico;cur;bmp;dlg;rc2;rct;bin;rgs;gif;jpg;jpeg;jpe;resx;tiff;tif;png;wav;mfcribbon-ms</Extensions>
    </Filter>
    <Filter Include="Modules\Modules">
      <UniqueIdentifier>{68dc4ec4-0b91-4423-98e6-44c7de2ab8a6}</UniqueIdentifier>
    </Filter>
    <Filter Include="Modules\Tools">
      <UniqueIdentifier>{b01f41a4-21b3-417d-ab73-1f43f6c0bb99}</UniqueIdentifier>
    </Filter>
    <Filter Include="Modules\Tools\PuguiXML">
      <UniqueIdentifier>{a8fdf163-b34f-4dfc-af07-e4e71fb2502f}</UniqueIdentifier>
    </Filter>
    <Filter Include="GUI">
      <UniqueIdentifier>{d0faecb2-41df-4357-bbc0-dbe2ba8249e4}</UniqueIdentifier>
      <Extensions>GUI*</Extensions>
    </Filter>
  </ItemGroup>
  <ItemGroup>
    <ClCompile Include="j1Audio.cpp">
      <Filter>Modules\Modules</Filter>
    </ClCompile>
    <ClCompile Include="j1FileSystem.cpp">
      <Filter>Modules\Modules</Filter>
    </ClCompile>
    <ClCompile Include="j1Fonts.cpp">
      <Filter>Modules\Modules</Filter>
    </ClCompile>
    <ClCompile Include="j1Input.cpp">
      <Filter>Modules\Modules</Filter>
    </ClCompile>
    <ClCompile Include="j1Map.cpp">
      <Filter>Modules\Modules</Filter>
    </ClCompile>
    <ClCompile Include="j1Pathfinding.cpp">
      <Filter>Modules\Modules</Filter>
    </ClCompile>
    <ClCompile Include="j1Render.cpp">
      <Filter>Modules\Modules</Filter>
    </ClCompile>
    <ClCompile Include="j1Textures.cpp">
      <Filter>Modules\Modules</Filter>
    </ClCompile>
    <ClCompile Include="j1Window.cpp">
      <Filter>Modules\Modules</Filter>
    </ClCompile>
    <ClCompile Include="PugiXml\src\pugixml.cpp">
      <Filter>Modules\Tools\PuguiXML</Filter>
    </ClCompile>
    <ClCompile Include="j1PerfTimer.cpp">
      <Filter>Modules\Tools</Filter>
    </ClCompile>
    <ClCompile Include="j1Timer.cpp">
      <Filter>Modules\Tools</Filter>
    </ClCompile>
    <ClCompile Include="j1App.cpp">
      <Filter>Modules</Filter>
    </ClCompile>
    <ClCompile Include="j1Main.cpp">
      <Filter>Modules</Filter>
    </ClCompile>
    <ClCompile Include="p2Log.cpp">
      <Filter>Utility</Filter>
    </ClCompile>
    <ClCompile Include="j1GUI.cpp">
      <Filter>Modules\Modules</Filter>
    </ClCompile>
    <ClCompile Include="GUIElement.cpp">
      <Filter>GUI</Filter>
    </ClCompile>
    <ClCompile Include="GUIImage.cpp">
      <Filter>GUI</Filter>
    </ClCompile>
    <ClCompile Include="GUILabel.cpp">
      <Filter>GUI</Filter>
    </ClCompile>
    <ClCompile Include="GUIInputText.cpp">
      <Filter>GUI</Filter>
    </ClCompile>
  </ItemGroup>
  <ItemGroup>
    <ClInclude Include="j1Audio.h">
      <Filter>Modules\Modules</Filter>
    </ClInclude>
    <ClInclude Include="j1FileSystem.h">
      <Filter>Modules\Modules</Filter>
    </ClInclude>
    <ClInclude Include="j1Fonts.h">
      <Filter>Modules\Modules</Filter>
    </ClInclude>
    <ClInclude Include="j1Input.h">
      <Filter>Modules\Modules</Filter>
    </ClInclude>
    <ClInclude Include="j1Map.h">
      <Filter>Modules\Modules</Filter>
    </ClInclude>
    <ClInclude Include="j1Pathfinding.h">
      <Filter>Modules\Modules</Filter>
    </ClInclude>
    <ClInclude Include="j1Render.h">
      <Filter>Modules\Modules</Filter>
    </ClInclude>
    <ClInclude Include="j1Textures.h">
      <Filter>Modules\Modules</Filter>
    </ClInclude>
    <ClInclude Include="j1Window.h">
      <Filter>Modules\Modules</Filter>
    </ClInclude>
    <ClInclude Include="PugiXml\src\pugiconfig.hpp">
      <Filter>Modules\Tools\PuguiXML</Filter>
    </ClInclude>
    <ClInclude Include="PugiXml\src\pugixml.hpp">
      <Filter>Modules\Tools\PuguiXML</Filter>
    </ClInclude>
    <ClInclude Include="j1PerfTimer.h">
      <Filter>Modules\Tools</Filter>
    </ClInclude>
    <ClInclude Include="j1Timer.h">
      <Filter>Modules\Tools</Filter>
    </ClInclude>
    <ClInclude Include="j1App.h">
      <Filter>Modules</Filter>
    </ClInclude>
    <ClInclude Include="j1Module.h">
      <Filter>Modules</Filter>
    </ClInclude>
    <ClInclude Include="p2Defs.h">
      <Filter>Utility</Filter>
    </ClInclude>
    <ClInclude Include="p2DynArray.h">
      <Filter>Utility</Filter>
    </ClInclude>
    <ClInclude Include="p2List.h">
      <Filter>Utility</Filter>
    </ClInclude>
    <ClInclude Include="p2Log.h">
      <Filter>Utility</Filter>
    </ClInclude>
    <ClInclude Include="p2Point.h">
      <Filter>Utility</Filter>
    </ClInclude>
    <ClInclude Include="p2SString.h">
      <Filter>Utility</Filter>
    </ClInclude>
    <ClInclude Include="j1GUI.h">
      <Filter>Modules\Modules</Filter>
    </ClInclude>
    <ClInclude Include="GUIElement.h">
      <Filter>GUI</Filter>
    </ClInclude>
    <ClInclude Include="GUIImage.h">
      <Filter>GUI</Filter>
    </ClInclude>
    <ClInclude Include="GUILabel.h">
      <Filter>GUI</Filter>
    </ClInclude>
    <ClInclude Include="GUIInputText.h">
      <Filter>GUI</Filter>
    </ClInclude>
  </ItemGroup>
</Project>