<?xml version="1.0" encoding="utf-8"?>
<Project ToolsVersion="4.0" xmlns="http://schemas.microsoft.com/developer/msbuild/2003">
  <ItemGroup>
    <Filter Include="Modules">
      <UniqueIdentifier>{93995380-89BD-4b04-88EB-625FBE52EBFB}</UniqueIdentifier>
      <Extensions>
      </Extensions>
    </Filter>
    <Filter Include="Utility">
      <UniqueIdentifier>{67DA6AB6-F800-4c08-8B7A-83BB121AAD01}</UniqueIdentifier>
      <Extensions>rc;ico;cur;bmp;dlg;rc2;rct;bin;rgs;gif;jpg;jpeg;jpe;resx;tiff;tif;png;wav;mfcribbon-ms</Extensions>
    </Filter>
    <Filter Include="Modules\Modules">
      <UniqueIdentifier>{68dc4ec4-0b91-4423-98e6-44c7de2ab8a6}</UniqueIdentifier>
    </Filter>
    <Filter Include="Modules\Tools">
      <UniqueIdentifier>{b01f41a4-21b3-417d-ab73-1f43f6c0bb99}</UniqueIdentifier>
    </Filter>
    <Filter Include="Modules\Tools\PuguiXML">
      <UniqueIdentifier>{a8fdf163-b34f-4dfc-af07-e4e71fb2502f}</UniqueIdentifier>
    </Filter>
    <Filter Include="GUI">
      <UniqueIdentifier>{d0faecb2-41df-4357-bbc0-dbe2ba8249e4}</UniqueIdentifier>
      <Extensions>GUI*</Extensions>
    </Filter>
    <Filter Include="Entity System">
      <UniqueIdentifier>{128f71d3-31b3-4441-a872-ee70526bd806}</UniqueIdentifier>
    </Filter>
    <Filter Include="Entity System\Entities">
      <UniqueIdentifier>{524a239b-e188-4d29-865e-3a1782faa42a}</UniqueIdentifier>
    </Filter>
    <Filter Include="Resources">
      <UniqueIdentifier>{da748d98-7f1a-4005-ac55-5462e9613351}</UniqueIdentifier>
    </Filter>
    <Filter Include="Modules\Scenes">
      <UniqueIdentifier>{895f6536-4a50-4b82-8e6a-06538656a534}</UniqueIdentifier>
    </Filter>
    <Filter Include="Entity System\Entities\IA">
      <UniqueIdentifier>{4d29bbf3-c01e-48a1-875d-cf364e4ebff4}</UniqueIdentifier>
    </Filter>
    <Filter Include="Entity System\Entities\IA\Steering">
      <UniqueIdentifier>{3b987e28-cd51-4747-aa49-4cfe6baad8ad}</UniqueIdentifier>
    </Filter>
  </ItemGroup>
  <ItemGroup>
    <ClCompile Include="PugiXml\src\pugixml.cpp">
      <Filter>Modules\Tools\PuguiXML</Filter>
    </ClCompile>
    <ClCompile Include="j1PerfTimer.cpp">
      <Filter>Modules\Tools</Filter>
    </ClCompile>
    <ClCompile Include="j1Timer.cpp">
      <Filter>Modules\Tools</Filter>
    </ClCompile>
    <ClCompile Include="GUIElement.cpp">
      <Filter>GUI</Filter>
    </ClCompile>
    <ClCompile Include="GUIImage.cpp">
      <Filter>GUI</Filter>
    </ClCompile>
    <ClCompile Include="GUILabel.cpp">
      <Filter>GUI</Filter>
    </ClCompile>
    <ClCompile Include="GUIInputText.cpp">
      <Filter>GUI</Filter>
    </ClCompile>
    <ClCompile Include="Entity.cpp">
      <Filter>Entity System</Filter>
    </ClCompile>
    <ClCompile Include="M_Audio.cpp">
      <Filter>Modules\Modules</Filter>
    </ClCompile>
    <ClCompile Include="M_FileSystem.cpp">
      <Filter>Modules\Modules</Filter>
    </ClCompile>
    <ClCompile Include="M_Fonts.cpp">
      <Filter>Modules\Modules</Filter>
    </ClCompile>
    <ClCompile Include="M_GUI.cpp">
      <Filter>Modules\Modules</Filter>
    </ClCompile>
    <ClCompile Include="M_Input.cpp">
      <Filter>Modules\Modules</Filter>
    </ClCompile>
    <ClCompile Include="M_Map.cpp">
      <Filter>Modules\Modules</Filter>
    </ClCompile>
    <ClCompile Include="M_Pathfinding.cpp">
      <Filter>Modules\Modules</Filter>
    </ClCompile>
    <ClCompile Include="M_Render.cpp">
      <Filter>Modules\Modules</Filter>
    </ClCompile>
    <ClCompile Include="M_Textures.cpp">
      <Filter>Modules\Modules</Filter>
    </ClCompile>
    <ClCompile Include="M_Window.cpp">
      <Filter>Modules\Modules</Filter>
    </ClCompile>
    <ClCompile Include="App.cpp">
      <Filter>Modules</Filter>
    </ClCompile>
    <ClCompile Include="Main.cpp">
      <Filter>Modules</Filter>
    </ClCompile>
    <ClCompile Include="Log.cpp">
      <Filter>Utility</Filter>
    </ClCompile>
    <ClCompile Include="Defs.cpp">
      <Filter>Utility</Filter>
    </ClCompile>
    <ClCompile Include="GB_Rectangle.cpp">
      <Filter>Modules\Tools</Filter>
    </ClCompile>
    <ClCompile Include="M_Animation.cpp">
      <Filter>Modules\Modules</Filter>
    </ClCompile>
    <ClCompile Include="GB_QuadTree.cpp">
      <Filter>Modules\Tools</Filter>
    </ClCompile>
    <ClCompile Include="GUIButton.cpp">
      <Filter>GUI</Filter>
    </ClCompile>
    <ClCompile Include="GUIMouse.cpp">
      <Filter>GUI</Filter>
    </ClCompile>
    <ClCompile Include="Unit.cpp">
      <Filter>Entity System\Entities</Filter>
    </ClCompile>
    <ClCompile Include="EntityUi.cpp">
      <Filter>Entity System\Entities</Filter>
    </ClCompile>
    <ClCompile Include="GUIAutoLabel.cpp">
      <Filter>GUI</Filter>
    </ClCompile>
    <ClCompile Include="PlayerManager.cpp">
      <Filter>Entity System\Entities</Filter>
    </ClCompile>
    <ClCompile Include="EntityMap.cpp">
      <Filter>Entity System\Entities</Filter>
    </ClCompile>
    <ClCompile Include="Bezier.cpp">
      <Filter>Modules\Tools</Filter>
    </ClCompile>
    <ClCompile Include="S_Menu.cpp">
      <Filter>Modules\Scenes</Filter>
    </ClCompile>
    <ClCompile Include="S_InGame.cpp">
      <Filter>Modules\Scenes</Filter>
    </ClCompile>
    <ClCompile Include="Building.cpp">
      <Filter>Entity System\Entities</Filter>
    </ClCompile>
    <ClCompile Include="M_EntityManager.cpp">
      <Filter>Entity System</Filter>
    </ClCompile>
    <ClCompile Include="Object.cpp">
      <Filter>Entity System\Entities</Filter>
    </ClCompile>
    <ClCompile Include="M_Collision.cpp">
      <Filter>Modules\Modules</Filter>
    </ClCompile>
    <ClCompile Include="M_Resources.cpp">
      <Filter>Modules\Modules</Filter>
    </ClCompile>
    <ClCompile Include="Iso_Primitives.cpp">
      <Filter>Utility</Filter>
    </ClCompile>
    <ClCompile Include="M_FogOfWar.cpp">
      <Filter>Modules\Modules</Filter>
    </ClCompile>
    <ClCompile Include="M_EnemyWaves.cpp">
      <Filter>Modules\Modules</Filter>
    </ClCompile>
    <ClCompile Include="M_DialogueManager.cpp">
      <Filter>Modules\Modules</Filter>
    </ClCompile>
    <ClCompile Include="IA_Unit.cpp">
      <Filter>Entity System\Entities\IA</Filter>
    </ClCompile>
    <ClCompile Include="IA_FormationManager.cpp">
      <Filter>Entity System\Entities\IA</Filter>
    </ClCompile>
    <ClCompile Include="IA_SquareFormation.cpp">
      <Filter>Entity System\Entities\IA</Filter>
    </ClCompile>
    <ClCompile Include="IA_Steering.cpp">
      <Filter>Entity System\Entities\IA</Filter>
    </ClCompile>
    <ClCompile Include="Steering.cpp">
      <Filter>Entity System\Entities\IA\Steering</Filter>
    </ClCompile>
    <ClCompile Include="Steer_Arrive.cpp">
      <Filter>Entity System\Entities\IA\Steering</Filter>
    </ClCompile>
    <ClCompile Include="Steer_Separation.cpp">
      <Filter>Entity System\Entities\IA\Steering</Filter>
    </ClCompile>
    <ClCompile Include="Boss.cpp">
      <Filter>Entity System\Entities</Filter>
    </ClCompile>
    <ClCompile Include="M_Minimap.cpp">
      <Filter>Modules\Modules</Filter>
    </ClCompile>
    <ClCompile Include="M_ParticleSystem.cpp">
      <Filter>Modules\Modules</Filter>
    </ClCompile>
    <ClCompile Include="M_MissionManager.cpp">
      <Filter>Modules\Modules</Filter>
    </ClCompile>
    <ClCompile Include="M_Metrics.cpp">
      <Filter>Modules\Modules</Filter>
    </ClCompile>
  </ItemGroup>
  <ItemGroup>
    <ClInclude Include="PugiXml\src\pugiconfig.hpp">
      <Filter>Modules\Tools\PuguiXML</Filter>
    </ClInclude>
    <ClInclude Include="PugiXml\src\pugixml.hpp">
      <Filter>Modules\Tools\PuguiXML</Filter>
    </ClInclude>
    <ClInclude Include="j1PerfTimer.h">
      <Filter>Modules\Tools</Filter>
    </ClInclude>
    <ClInclude Include="j1Timer.h">
      <Filter>Modules\Tools</Filter>
    </ClInclude>
    <ClInclude Include="p2Point.h">
      <Filter>Utility</Filter>
    </ClInclude>
    <ClInclude Include="GUIElement.h">
      <Filter>GUI</Filter>
    </ClInclude>
    <ClInclude Include="GUIImage.h">
      <Filter>GUI</Filter>
    </ClInclude>
    <ClInclude Include="GUILabel.h">
      <Filter>GUI</Filter>
    </ClInclude>
    <ClInclude Include="GUIInputText.h">
      <Filter>GUI</Filter>
    </ClInclude>
    <ClInclude Include="Entity.h">
      <Filter>Entity System</Filter>
    </ClInclude>
    <ClInclude Include="M_Audio.h">
      <Filter>Modules\Modules</Filter>
    </ClInclude>
    <ClInclude Include="M_FileSystem.h">
      <Filter>Modules\Modules</Filter>
    </ClInclude>
    <ClInclude Include="M_Fonts.h">
      <Filter>Modules\Modules</Filter>
    </ClInclude>
    <ClInclude Include="M_GUI.h">
      <Filter>Modules\Modules</Filter>
    </ClInclude>
    <ClInclude Include="M_Input.h">
      <Filter>Modules\Modules</Filter>
    </ClInclude>
    <ClInclude Include="M_Map.h">
      <Filter>Modules\Modules</Filter>
    </ClInclude>
    <ClInclude Include="M_Pathfinding.h">
      <Filter>Modules\Modules</Filter>
    </ClInclude>
    <ClInclude Include="M_Render.h">
      <Filter>Modules\Modules</Filter>
    </ClInclude>
    <ClInclude Include="M_Textures.h">
      <Filter>Modules\Modules</Filter>
    </ClInclude>
    <ClInclude Include="M_Window.h">
      <Filter>Modules\Modules</Filter>
    </ClInclude>
    <ClInclude Include="Module.h">
      <Filter>Modules</Filter>
    </ClInclude>
    <ClInclude Include="App.h">
      <Filter>Modules</Filter>
    </ClInclude>
    <ClInclude Include="Defs.h">
      <Filter>Utility</Filter>
    </ClInclude>
    <ClInclude Include="Log.h">
      <Filter>Utility</Filter>
    </ClInclude>
    <ClInclude Include="GB_Rectangle.h">
      <Filter>Modules\Tools</Filter>
    </ClInclude>
    <ClInclude Include="M_Animation.h">
      <Filter>Modules\Modules</Filter>
    </ClInclude>
    <ClInclude Include="GB_QuadTree.h">
      <Filter>Modules\Tools</Filter>
    </ClInclude>
    <ClInclude Include="GUIButton.h">
      <Filter>GUI</Filter>
    </ClInclude>
    <ClInclude Include="GUIMouse.h">
      <Filter>GUI</Filter>
    </ClInclude>
    <ClInclude Include="Unit.h">
      <Filter>Entity System\Entities</Filter>
    </ClInclude>
    <ClInclude Include="EntityUi.h">
      <Filter>Entity System\Entities</Filter>
    </ClInclude>
    <ClInclude Include="GUIAutoLabel.h">
      <Filter>GUI</Filter>
    </ClInclude>
    <ClInclude Include="PlayerManager.h">
      <Filter>Entity System\Entities</Filter>
    </ClInclude>
    <ClInclude Include="EntityMap.h">
      <Filter>Entity System\Entities</Filter>
    </ClInclude>
    <ClInclude Include="Bezier.h">
      <Filter>Modules\Tools</Filter>
    </ClInclude>
    <ClInclude Include="S_Menu.h">
      <Filter>Modules\Scenes</Filter>
    </ClInclude>
    <ClInclude Include="S_InGame.h">
      <Filter>Modules\Scenes</Filter>
    </ClInclude>
    <ClInclude Include="Building.h">
      <Filter>Entity System\Entities</Filter>
    </ClInclude>
    <ClInclude Include="M_EntityManager.h">
      <Filter>Entity System</Filter>
    </ClInclude>
    <ClInclude Include="Object.h">
      <Filter>Entity System\Entities</Filter>
    </ClInclude>
    <ClInclude Include="M_Collision.h">
      <Filter>Modules\Modules</Filter>
    </ClInclude>
    <ClInclude Include="M_FogOfWar.h">
      <Filter>Modules\Modules</Filter>
    </ClInclude>
    <ClInclude Include="M_Resources.h">
      <Filter>Modules\Modules</Filter>
    </ClInclude>
    <ClInclude Include="Iso_Primitives.h">
      <Filter>Utility</Filter>
    </ClInclude>
    <ClInclude Include="Fog_Quadtree.h">
      <Filter>Utility</Filter>
    </ClInclude>
    <ClInclude Include="M_EnemyWaves.h">
      <Filter>Modules\Modules</Filter>
    </ClInclude>
    <ClInclude Include="M_DialogueManager.h">
      <Filter>Modules\Modules</Filter>
    </ClInclude>
    <ClInclude Include="IA_Unit.h">
      <Filter>Entity System\Entities\IA</Filter>
    </ClInclude>
    <ClInclude Include="IA_FormationManager.h">
      <Filter>Entity System\Entities\IA</Filter>
    </ClInclude>
    <ClInclude Include="IA_SquareFormation.h">
      <Filter>Entity System\Entities\IA</Filter>
    </ClInclude>
    <ClInclude Include="IA_Steering.h">
      <Filter>Entity System\Entities\IA</Filter>
    </ClInclude>
    <ClInclude Include="Steering.h">
      <Filter>Entity System\Entities\IA\Steering</Filter>
    </ClInclude>
    <ClInclude Include="Steer_Arrive.h">
      <Filter>Entity System\Entities\IA\Steering</Filter>
    </ClInclude>
    <ClInclude Include="Steer_Separation.h">
      <Filter>Entity System\Entities\IA\Steering</Filter>
    </ClInclude>
    <ClInclude Include="Boss.h">
      <Filter>Entity System\Entities</Filter>
    </ClInclude>
    <ClInclude Include="M_Minimap.h">
      <Filter>Modules\Modules</Filter>
    </ClInclude>
    <ClInclude Include="ParticleAnimation.h">
      <Filter>Modules\Tools</Filter>
    </ClInclude>
    <ClInclude Include="M_ParticleSystem.h">
      <Filter>Modules\Modules</Filter>
    </ClInclude>
    <ClInclude Include="M_MissionManager.h">
      <Filter>Modules\Modules</Filter>
    </ClInclude>
    <ClInclude Include="M_Metrics.h">
      <Filter>Modules\Modules</Filter>
    </ClInclude>
  </ItemGroup>
  <ItemGroup>
    <Xml Include="..\Game\config.xml">
      <Filter>Resources</Filter>
    </Xml>
    <Xml Include="..\Game\data\gui\gui.xml">
      <Filter>Resources</Filter>
    </Xml>
    <Xml Include="Dialogues.xml">
      <Filter>Utility</Filter>
    </Xml>
    <Xml Include="..\Game\data\objects\Objects_creator.xml">
      <Filter>Resources</Filter>
    </Xml>
    <Xml Include="..\Game\data\objects\Objects_data.xml">
      <Filter>Resources</Filter>
    </Xml>
  </ItemGroup>
</Project>